
Microsoft Visual Studio Solution File, Format Version 12.00
# Visual Studio Version 17
VisualStudioVersion = 17.7.34031.279
MinimumVisualStudioVersion = 10.0.40219.1
Project("{FAE04EC0-301F-11D3-BF4B-00C04F79EFBC}") = "SagasSample", "SagasSample\SagasSample.csproj", "{CD9922A3-769A-4D38-B996-20151C0A8C70}"
EndProject
Global
	GlobalSection(SolutionConfigurationPlatforms) = preSolution
		Debug|Any CPU = Debug|Any CPU
		Release|Any CPU = Release|Any CPU
	EndGlobalSection
	GlobalSection(ProjectConfigurationPlatforms) = postSolution
		{CD9922A3-769A-4D38-B996-20151C0A8C70}.Debug|Any CPU.ActiveCfg = Debug|Any CPU
		{CD9922A3-769A-4D38-B996-20151C0A8C70}.Debug|Any CPU.Build.0 = Debug|Any CPU
		{CD9922A3-769A-4D38-B996-20151C0A8C70}.Release|Any CPU.ActiveCfg = Release|Any CPU
		{CD9922A3-769A-4D38-B996-20151C0A8C70}.Release|Any CPU.Build.0 = Release|Any CPU
	EndGlobalSection
	GlobalSection(SolutionProperties) = preSolution
		HideSolutionNode = FALSE
	EndGlobalSection
	GlobalSection(ExtensibilityGlobals) = postSolution
		SolutionGuid = {FFC3A8A9-F056-453A-BF3B-095A431FFF2D}
	EndGlobalSection
EndGlobal
